{
    "_readme": [
        "This file locks the dependencies of your project to a known state",
        "Read more about it at https://getcomposer.org/doc/01-basic-usage.md#installing-dependencies",
        "This file is @generated automatically"
    ],
    "content-hash": "5d15bcc4cb5e83130425a9691cbbd5b0",
    "packages": [
        {
            "name": "mayoz/parasut",
            "version": "v1.0.5",
            "source": {
                "type": "git",
                "url": "https://github.com/mayoz/parasut.git",
                "reference": "88b45bc3f7f84da9b6028ffd7f02547d9b537506"
            },
            "dist": {
                "type": "zip",
                "url": "https://api.github.com/repos/mayoz/parasut/zipball/88b45bc3f7f84da9b6028ffd7f02547d9b537506",
                "reference": "88b45bc3f7f84da9b6028ffd7f02547d9b537506",
                "shasum": ""
            },
            "require": {
                "ext-curl": "*",
                "php": ">=5.5.9"
            },
            "type": "library",
            "autoload": {
                "psr-4": {
                    "Parasut\\": "src"
                },
                "files": [
                    "src/helpers.php"
                ]
            },
            "notification-url": "https://packagist.org/downloads/",
            "license": [
                "MIT"
            ],
            "authors": [
                {
                    "name": "Sercan Çakır",
                    "email": "srcnckr@gmail.com"
                }
            ],
            "description": "An easy-to-use Parasut's API with PHP.",
            "homepage": "https://github.com/mayoz/parasut",
            "keywords": [
                "gateway",
                "invoice",
                "parasut"
            ],
            "time": "2017-01-20T01:31:14+00:00"
        }
    ],
    "packages-dev": [],
    "aliases": [],
    "minimum-stability": "stable",
    "stability-flags": [],
    "prefer-stable": false,
    "prefer-lowest": false,
    "platform": [],
    "platform-dev": []
}
